
Microsoft Visual Studio Solution File, Format Version 12.00
# Visual Studio Version 17
VisualStudioVersion = 17.0.31903.59
MinimumVisualStudioVersion = 10.0.40219.1
Project("{2150E333-8FDC-42A3-9474-1A3956D46DE8}") = "src", "src", "{BF8F37C6-4BB0-4ADA-B3CD-3E6CB4744C57}"
EndProject
Project("{FAE04EC0-301F-11D3-BF4B-00C04F79EFBC}") = "Bylines.Messenger.Api", "src\Bylines.Messenger.Api\Bylines.Messenger.Api.csproj", "{E146CED2-EBD4-4253-8F71-2CB1963C36E1}"
EndProject
Project("{FAE04EC0-301F-11D3-BF4B-00C04F79EFBC}") = "Bylines.Messenger.Contracts", "src\Bylines.Messenger.Contracts\Bylines.Messenger.Contracts.csproj", "{C15D60E8-2955-4CF9-925A-E77444266D83}"
EndProject
Project("{2150E333-8FDC-42A3-9474-1A3956D46DE8}") = "Bylines.Client", "Bylines.Client", "{408FA732-424F-4069-93F4-D8E6EA1CD326}"
EndProject
Project("{FAE04EC0-301F-11D3-BF4B-00C04F79EFBC}") = "Bylines.Messenger.Client.Android", "src\Bylines.Client\Bylines.Messenger.Client.Android\Bylines.Messenger.Client.Android.csproj", "{1A77C200-B890-4AE6-ACCA-38E95C84ECC3}"
EndProject
Project("{FAE04EC0-301F-11D3-BF4B-00C04F79EFBC}") = "Bylines.Messenger.Client.Browser", "src\Bylines.Client\Bylines.Messenger.Client.Browser\Bylines.Messenger.Client.Browser.csproj", "{171AA27C-5EFE-4623-B1FA-9D054137291E}"
EndProject
Project("{FAE04EC0-301F-11D3-BF4B-00C04F79EFBC}") = "Bylines.Messenger.Client.Desktop", "src\Bylines.Client\Bylines.Messenger.Client.Desktop\Bylines.Messenger.Client.Desktop.csproj", "{5E604CE2-41B0-47CC-B341-EEB8B0876DE4}"
EndProject
Project("{FAE04EC0-301F-11D3-BF4B-00C04F79EFBC}") = "Bylines.Messenger.Client.iOS", "src\Bylines.Client\Bylines.Messenger.Client.iOS\Bylines.Messenger.Client.iOS.csproj", "{6E53EFEB-8554-4561-87D5-74AAA9AF3FC1}"
EndProject
Project("{FAE04EC0-301F-11D3-BF4B-00C04F79EFBC}") = "Bylines.Messenger.Client", "src\Bylines.Client\Bylines.Messenger.Client\Bylines.Messenger.Client.csproj", "{D1D05BA7-CE93-4050-B5BE-B4DFB0EE622B}"
EndProject
Global
	GlobalSection(SolutionConfigurationPlatforms) = preSolution
		Debug|Any CPU = Debug|Any CPU
		Release|Any CPU = Release|Any CPU
	EndGlobalSection
	GlobalSection(SolutionProperties) = preSolution
		HideSolutionNode = FALSE
	EndGlobalSection
	GlobalSection(ProjectConfigurationPlatforms) = postSolution
		{E146CED2-EBD4-4253-8F71-2CB1963C36E1}.Debug|Any CPU.ActiveCfg = Debug|Any CPU
		{E146CED2-EBD4-4253-8F71-2CB1963C36E1}.Debug|Any CPU.Build.0 = Debug|Any CPU
		{E146CED2-EBD4-4253-8F71-2CB1963C36E1}.Release|Any CPU.ActiveCfg = Release|Any CPU
		{E146CED2-EBD4-4253-8F71-2CB1963C36E1}.Release|Any CPU.Build.0 = Release|Any CPU
		{C15D60E8-2955-4CF9-925A-E77444266D83}.Debug|Any CPU.ActiveCfg = Debug|Any CPU
		{C15D60E8-2955-4CF9-925A-E77444266D83}.Debug|Any CPU.Build.0 = Debug|Any CPU
		{C15D60E8-2955-4CF9-925A-E77444266D83}.Release|Any CPU.ActiveCfg = Release|Any CPU
		{C15D60E8-2955-4CF9-925A-E77444266D83}.Release|Any CPU.Build.0 = Release|Any CPU
		{1A77C200-B890-4AE6-ACCA-38E95C84ECC3}.Debug|Any CPU.ActiveCfg = Debug|Any CPU
		{1A77C200-B890-4AE6-ACCA-38E95C84ECC3}.Debug|Any CPU.Build.0 = Debug|Any CPU
		{1A77C200-B890-4AE6-ACCA-38E95C84ECC3}.Release|Any CPU.ActiveCfg = Release|Any CPU
		{1A77C200-B890-4AE6-ACCA-38E95C84ECC3}.Release|Any CPU.Build.0 = Release|Any CPU
		{171AA27C-5EFE-4623-B1FA-9D054137291E}.Debug|Any CPU.ActiveCfg = Debug|Any CPU
		{171AA27C-5EFE-4623-B1FA-9D054137291E}.Debug|Any CPU.Build.0 = Debug|Any CPU
		{171AA27C-5EFE-4623-B1FA-9D054137291E}.Release|Any CPU.ActiveCfg = Release|Any CPU
		{171AA27C-5EFE-4623-B1FA-9D054137291E}.Release|Any CPU.Build.0 = Release|Any CPU
		{5E604CE2-41B0-47CC-B341-EEB8B0876DE4}.Debug|Any CPU.ActiveCfg = Debug|Any CPU
		{5E604CE2-41B0-47CC-B341-EEB8B0876DE4}.Debug|Any CPU.Build.0 = Debug|Any CPU
		{5E604CE2-41B0-47CC-B341-EEB8B0876DE4}.Release|Any CPU.ActiveCfg = Release|Any CPU
		{5E604CE2-41B0-47CC-B341-EEB8B0876DE4}.Release|Any CPU.Build.0 = Release|Any CPU
		{6E53EFEB-8554-4561-87D5-74AAA9AF3FC1}.Debug|Any CPU.ActiveCfg = Debug|Any CPU
		{6E53EFEB-8554-4561-87D5-74AAA9AF3FC1}.Debug|Any CPU.Build.0 = Debug|Any CPU
		{6E53EFEB-8554-4561-87D5-74AAA9AF3FC1}.Release|Any CPU.ActiveCfg = Release|Any CPU
		{6E53EFEB-8554-4561-87D5-74AAA9AF3FC1}.Release|Any CPU.Build.0 = Release|Any CPU
		{D1D05BA7-CE93-4050-B5BE-B4DFB0EE622B}.Debug|Any CPU.ActiveCfg = Debug|Any CPU
		{D1D05BA7-CE93-4050-B5BE-B4DFB0EE622B}.Debug|Any CPU.Build.0 = Debug|Any CPU
		{D1D05BA7-CE93-4050-B5BE-B4DFB0EE622B}.Release|Any CPU.ActiveCfg = Release|Any CPU
		{D1D05BA7-CE93-4050-B5BE-B4DFB0EE622B}.Release|Any CPU.Build.0 = Release|Any CPU
	EndGlobalSection
	GlobalSection(NestedProjects) = preSolution
		{E146CED2-EBD4-4253-8F71-2CB1963C36E1} = {BF8F37C6-4BB0-4ADA-B3CD-3E6CB4744C57}
		{C15D60E8-2955-4CF9-925A-E77444266D83} = {BF8F37C6-4BB0-4ADA-B3CD-3E6CB4744C57}
		{408FA732-424F-4069-93F4-D8E6EA1CD326} = {BF8F37C6-4BB0-4ADA-B3CD-3E6CB4744C57}
		{1A77C200-B890-4AE6-ACCA-38E95C84ECC3} = {408FA732-424F-4069-93F4-D8E6EA1CD326}
		{171AA27C-5EFE-4623-B1FA-9D054137291E} = {408FA732-424F-4069-93F4-D8E6EA1CD326}
		{5E604CE2-41B0-47CC-B341-EEB8B0876DE4} = {408FA732-424F-4069-93F4-D8E6EA1CD326}
		{6E53EFEB-8554-4561-87D5-74AAA9AF3FC1} = {408FA732-424F-4069-93F4-D8E6EA1CD326}
		{D1D05BA7-CE93-4050-B5BE-B4DFB0EE622B} = {408FA732-424F-4069-93F4-D8E6EA1CD326}
	EndGlobalSection
EndGlobal
